version = 1
revision = 2
requires-python = ">=3.12"

[[package]]
name = "click"
version = "8.2.1"
source = { registry = "https://pypi.org/simple" }
dependencies = [
    { name = "colorama", marker = "sys_platform == 'win32'" },
]
sdist = { url = "https://files.pythonhosted.org/packages/60/6c/8ca2efa64cf75a977a0d7fac081354553ebe483345c734fb6b6515d96bbc/click-8.2.1.tar.gz", hash = "sha256:27c491cc05d968d271d5a1db13e3b5a184636d9d930f148c50b038f0d0646202", size = 286342, upload-time = "2025-05-20T23:19:49.832Z" }
wheels = [
    { url = "https://files.pythonhosted.org/packages/85/32/10bb5764d90a8eee674e9dc6f4db6a0ab47c8c4d0d83c27f7c39ac415a4d/click-8.2.1-py3-none-any.whl", hash = "sha256:61a3265b914e850b85317d0b3109c7f8cd35a670f963866005d6ef1d5175a12b", size = 102215, upload-time = "2025-05-20T23:19:47.796Z" },
]

[[package]]
name = "click-default-group"
version = "1.2.4"
source = { registry = "https://pypi.org/simple" }
dependencies = [
    { name = "click" },
]
sdist = { url = "https://files.pythonhosted.org/packages/1d/ce/edb087fb53de63dad3b36408ca30368f438738098e668b78c87f93cd41df/click_default_group-1.2.4.tar.gz", hash = "sha256:eb3f3c99ec0d456ca6cd2a7f08f7d4e91771bef51b01bdd9580cc6450fe1251e", size = 3505, upload-time = "2023-08-04T07:54:58.425Z" }
wheels = [
    { url = "https://files.pythonhosted.org/packages/2c/1a/aff8bb287a4b1400f69e09a53bd65de96aa5cee5691925b38731c67fc695/click_default_group-1.2.4-py2.py3-none-any.whl", hash = "sha256:9b60486923720e7fc61731bdb32b617039aba820e22e1c88766b1125592eaa5f", size = 4123, upload-time = "2023-08-04T07:54:56.875Z" },
]

[[package]]
name = "colorama"
version = "0.4.6"
source = { registry = "https://pypi.org/simple" }
sdist = { url = "https://files.pythonhosted.org/packages/d8/53/6f443c9a4a8358a93a6792e2acffb9d9d5cb0a5cfd8802644b7b1c9a02e4/colorama-0.4.6.tar.gz", hash = "sha256:08695f5cb7ed6e0531a20572697297273c47b8cae5a63ffc6d6ed5c201be6e44", size = 27697, upload-time = "2022-10-25T02:36:22.414Z" }
wheels = [
    { url = "https://files.pythonhosted.org/packages/d1/d6/3965ed04c63042e047cb6a3e6ed1a63a35087b6a609aa3a15ed8ac56c221/colorama-0.4.6-py2.py3-none-any.whl", hash = "sha256:4f1d9991f5acc0ca119f9d443620b77f9d6b33703e51011c16baf57afb285fc6", size = 25335, upload-time = "2022-10-25T02:36:20.889Z" },
]

[[package]]
name = "ifaddr"
version = "0.2.0"
source = { registry = "https://pypi.org/simple" }
sdist = { url = "https://files.pythonhosted.org/packages/e8/ac/fb4c578f4a3256561548cd825646680edcadb9440f3f68add95ade1eb791/ifaddr-0.2.0.tar.gz", hash = "sha256:cc0cbfcaabf765d44595825fb96a99bb12c79716b73b44330ea38ee2b0c4aed4", size = 10485, upload-time = "2022-06-15T21:40:27.561Z" }
wheels = [
    { url = "https://files.pythonhosted.org/packages/9c/1f/19ebc343cc71a7ffa78f17018535adc5cbdd87afb31d7c34874680148b32/ifaddr-0.2.0-py3-none-any.whl", hash = "sha256:085e0305cfe6f16ab12d72e2024030f5d52674afad6911bb1eee207177b8a748", size = 12314, upload-time = "2022-06-15T21:40:25.756Z" },
]

[[package]]
name = "iniconfig"
version = "2.1.0"
source = { registry = "https://pypi.org/simple" }
sdist = { url = "https://files.pythonhosted.org/packages/f2/97/ebf4da567aa6827c909642694d71c9fcf53e5b504f2d96afea02718862f3/iniconfig-2.1.0.tar.gz", hash = "sha256:3abbd2e30b36733fee78f9c7f7308f2d0050e88f0087fd25c2645f63c773e1c7", size = 4793, upload-time = "2025-03-19T20:09:59.721Z" }
wheels = [
    { url = "https://files.pythonhosted.org/packages/2c/e1/e6716421ea10d38022b952c159d5161ca1193197fb744506875fbb87ea7b/iniconfig-2.1.0-py3-none-any.whl", hash = "sha256:9deba5723312380e77435581c6bf4935c94cbfab9b1ed33ef8d238ea168eb760", size = 6050, upload-time = "2025-03-19T20:10:01.071Z" },
]

[[package]]
name = "ndb"
version = "0.1.0"
source = { editable = "." }
dependencies = [
    { name = "sqlite-utils" },
    { name = "zeroconf" },
]

[package.dev-dependencies]
dev = [
    { name = "pytest" },
]

[package.metadata]
requires-dist = [
    { name = "sqlite-utils", specifier = ">=3.38" },
    { name = "zeroconf", specifier = ">=0.147.0" },
]

[package.metadata.requires-dev]
dev = [{ name = "pytest", specifier = ">=8.4.1" }]

[[package]]
name = "packaging"
version = "25.0"
source = { registry = "https://pypi.org/simple" }
sdist = { url = "https://files.pythonhosted.org/packages/a1/d4/1fc4078c65507b51b96ca8f8c3ba19e6a61c8253c72794544580a7b6c24d/packaging-25.0.tar.gz", hash = "sha256:d443872c98d677bf60f6a1f2f8c1cb748e8fe762d2bf9d3148b5599295b0fc4f", size = 165727, upload-time = "2025-04-19T11:48:59.673Z" }
wheels = [
    { url = "https://files.pythonhosted.org/packages/20/12/38679034af332785aac8774540895e234f4d07f7545804097de4b666afd8/packaging-25.0-py3-none-any.whl", hash = "sha256:29572ef2b1f17581046b3a2227d5c611fb25ec70ca1ba8554b24b0e69331a484", size = 66469, upload-time = "2025-04-19T11:48:57.875Z" },
]

[[package]]
name = "pluggy"
version = "1.6.0"
source = { registry = "https://pypi.org/simple" }
sdist = { url = "https://files.pythonhosted.org/packages/f9/e2/3e91f31a7d2b083fe6ef3fa267035b518369d9511ffab804f839851d2779/pluggy-1.6.0.tar.gz", hash = "sha256:7dcc130b76258d33b90f61b658791dede3486c3e6bfb003ee5c9bfb396dd22f3", size = 69412, upload-time = "2025-05-15T12:30:07.975Z" }
wheels = [
    { url = "https://files.pythonhosted.org/packages/54/20/4d324d65cc6d9205fabedc306948156824eb9f0ee1633355a8f7ec5c66bf/pluggy-1.6.0-py3-none-any.whl", hash = "sha256:e920276dd6813095e9377c0bc5566d94c932c33b27a3e3945d8389c374dd4746", size = 20538, upload-time = "2025-05-15T12:30:06.134Z" },
]

[[package]]
name = "pygments"
version = "2.19.2"
source = { registry = "https://pypi.org/simple" }
sdist = { url = "https://files.pythonhosted.org/packages/b0/77/a5b8c569bf593b0140bde72ea885a803b82086995367bf2037de0159d924/pygments-2.19.2.tar.gz", hash = "sha256:636cb2477cec7f8952536970bc533bc43743542f70392ae026374600add5b887", size = 4968631, upload-time = "2025-06-21T13:39:12.283Z" }
wheels = [
    { url = "https://files.pythonhosted.org/packages/c7/21/705964c7812476f378728bdf590ca4b771ec72385c533964653c68e86bdc/pygments-2.19.2-py3-none-any.whl", hash = "sha256:86540386c03d588bb81d44bc3928634ff26449851e99741617ecb9037ee5ec0b", size = 1225217, upload-time = "2025-06-21T13:39:07.939Z" },
]

[[package]]
name = "pytest"
version = "8.4.1"
source = { registry = "https://pypi.org/simple" }
dependencies = [
    { name = "colorama", marker = "sys_platform == 'win32'" },
    { name = "iniconfig" },
    { name = "packaging" },
    { name = "pluggy" },
    { name = "pygments" },
]
sdist = { url = "https://files.pythonhosted.org/packages/08/ba/45911d754e8eba3d5a841a5ce61a65a685ff1798421ac054f85aa8747dfb/pytest-8.4.1.tar.gz", hash = "sha256:7c67fd69174877359ed9371ec3af8a3d2b04741818c51e5e99cc1742251fa93c", size = 1517714, upload-time = "2025-06-18T05:48:06.109Z" }
wheels = [
    { url = "https://files.pythonhosted.org/packages/29/16/c8a903f4c4dffe7a12843191437d7cd8e32751d5de349d45d3fe69544e87/pytest-8.4.1-py3-none-any.whl", hash = "sha256:539c70ba6fcead8e78eebbf1115e8b589e7565830d7d006a8723f19ac8a0afb7", size = 365474, upload-time = "2025-06-18T05:48:03.955Z" },
]

[[package]]
name = "python-dateutil"
version = "2.9.0.post0"
source = { registry = "https://pypi.org/simple" }
dependencies = [
    { name = "six" },
]
sdist = { url = "https://files.pythonhosted.org/packages/66/c0/0c8b6ad9f17a802ee498c46e004a0eb49bc148f2fd230864601a86dcf6db/python-dateutil-2.9.0.post0.tar.gz", hash = "sha256:37dd54208da7e1cd875388217d5e00ebd4179249f90fb72437e91a35459a0ad3", size = 342432, upload-time = "2024-03-01T18:36:20.211Z" }
wheels = [
    { url = "https://files.pythonhosted.org/packages/ec/57/56b9bcc3c9c6a792fcbaf139543cee77261f3651ca9da0c93f5c1221264b/python_dateutil-2.9.0.post0-py2.py3-none-any.whl", hash = "sha256:a8b2bc7bffae282281c8140a97d3aa9c14da0b136dfe83f850eea9a5f7470427", size = 229892, upload-time = "2024-03-01T18:36:18.57Z" },
]

[[package]]
name = "six"
version = "1.17.0"
source = { registry = "https://pypi.org/simple" }
sdist = { url = "https://files.pythonhosted.org/packages/94/e7/b2c673351809dca68a0e064b6af791aa332cf192da575fd474ed7d6f16a2/six-1.17.0.tar.gz", hash = "sha256:ff70335d468e7eb6ec65b95b99d3a2836546063f63acc5171de367e834932a81", size = 34031, upload-time = "2024-12-04T17:35:28.174Z" }
wheels = [
    { url = "https://files.pythonhosted.org/packages/b7/ce/149a00dd41f10bc29e5921b496af8b574d8413afcd5e30dfa0ed46c2cc5e/six-1.17.0-py2.py3-none-any.whl", hash = "sha256:4721f391ed90541fddacab5acf947aa0d3dc7d27b2e1e8eda2be8970586c3274", size = 11050, upload-time = "2024-12-04T17:35:26.475Z" },
]

[[package]]
name = "sqlite-fts4"
version = "1.0.3"
source = { registry = "https://pypi.org/simple" }
sdist = { url = "https://files.pythonhosted.org/packages/c2/6d/9dad6c3b433ab8912ace969c66abd595f8e0a2ccccdb73602b1291dbda29/sqlite-fts4-1.0.3.tar.gz", hash = "sha256:78b05eeaf6680e9dbed8986bde011e9c086a06cb0c931b3cf7da94c214e8930c", size = 9718, upload-time = "2022-07-30T01:14:26.943Z" }
wheels = [
    { url = "https://files.pythonhosted.org/packages/51/29/0096e8b1811aaa78cfb296996f621f41120c21c2f5cd448ae1d54979d9fc/sqlite_fts4-1.0.3-py3-none-any.whl", hash = "sha256:0359edd8dea6fd73c848989e1e2b1f31a50fe5f9d7272299ff0e8dbaa62d035f", size = 9972, upload-time = "2022-07-30T01:14:24.942Z" },
]

[[package]]
name = "sqlite-utils"
version = "3.38"
source = { registry = "https://pypi.org/simple" }
dependencies = [
    { name = "click" },
    { name = "click-default-group" },
    { name = "pluggy" },
    { name = "python-dateutil" },
    { name = "sqlite-fts4" },
    { name = "tabulate" },
]
sdist = { url = "https://files.pythonhosted.org/packages/51/43/ce9183a21911e0b73248c8fb83f8b8038515cb80053912c2a009e9765564/sqlite_utils-3.38.tar.gz", hash = "sha256:1ae77b931384052205a15478d429464f6c67a3ac3b4eafd3c674ac900f623aab", size = 214449, upload-time = "2024-11-23T22:49:40.308Z" }
wheels = [
    { url = "https://files.pythonhosted.org/packages/4d/eb/f8e8e827805f810838efff3311cccd2601238c5fa3fc35c1f878709e161b/sqlite_utils-3.38-py3-none-any.whl", hash = "sha256:8a27441015c3b2ef475f555861f7a2592f73bc60d247af9803a11b65fc605bf9", size = 68183, upload-time = "2024-11-23T22:49:38.289Z" },
]

[[package]]
name = "tabulate"
version = "0.9.0"
source = { registry = "https://pypi.org/simple" }
sdist = { url = "https://files.pythonhosted.org/packages/ec/fe/802052aecb21e3797b8f7902564ab6ea0d60ff8ca23952079064155d1ae1/tabulate-0.9.0.tar.gz", hash = "sha256:0095b12bf5966de529c0feb1fa08671671b3368eec77d7ef7ab114be2c068b3c", size = 81090, upload-time = "2022-10-06T17:21:48.54Z" }
wheels = [
    { url = "https://files.pythonhosted.org/packages/40/44/4a5f08c96eb108af5cb50b41f76142f0afa346dfa99d5296fe7202a11854/tabulate-0.9.0-py3-none-any.whl", hash = "sha256:024ca478df22e9340661486f85298cff5f6dcdba14f3813e8830015b9ed1948f", size = 35252, upload-time = "2022-10-06T17:21:44.262Z" },
]

[[package]]
name = "zeroconf"
version = "0.147.0"
source = { registry = "https://pypi.org/simple" }
dependencies = [
    { name = "ifaddr" },
]
sdist = { url = "https://files.pythonhosted.org/packages/e2/78/f681afade2a4e7a9ade696cf3d3dcd9905e28720d74c16cafb83b5dd5c0a/zeroconf-0.147.0.tar.gz", hash = "sha256:f517375de6bf2041df826130da41dc7a3e8772176d3076a5da58854c7d2e8d7a", size = 163958, upload-time = "2025-05-03T16:24:54.207Z" }
wheels = [
    { url = "https://files.pythonhosted.org/packages/28/72/551e19b1066a930b4e2d7114c9ba8217be46b17d46b95b7b256842d4bfb9/zeroconf-0.147.0-cp312-cp312-macosx_10_13_x86_64.whl", hash = "sha256:89542174ec4f1e86ba428cab19a33c77378dcac0ee37577df8859af849cf736e", size = 1863387, upload-time = "2025-05-03T16:58:53.088Z" },
    { url = "https://files.pythonhosted.org/packages/1c/3a/8cb2ce2022417b20f3d63a4411d21d21d1a01366d89f0cd451c0f42d775f/zeroconf-0.147.0-cp312-cp312-macosx_11_0_arm64.whl", hash = "sha256:0086b8c280fc3410fa887a0da68cc6dc5a7d1da8a57157f6c7e4acb029674ce9", size = 1717362, upload-time = "2025-05-03T16:58:54.766Z" },
    { url = "https://files.pythonhosted.org/packages/fd/33/6c52100705bc118b77d1516499f737074a9da7965f268243234d21fa872b/zeroconf-0.147.0-cp312-cp312-manylinux_2_17_aarch64.manylinux2014_aarch64.whl", hash = "sha256:04018f48c38fa174af8e2c6cd00e6fb8a9a7269a187ba1f52cf32c14f2ddd941", size = 2155929, upload-time = "2025-05-03T16:58:56.456Z" },
    { url = "https://files.pythonhosted.org/packages/67/ca/d6cc026655f8bc894c0f03c153f10f4c2cd091d088c13a3cafaea771cd1e/zeroconf-0.147.0-cp312-cp312-manylinux_2_17_i686.manylinux_2_5_i686.manylinux1_i686.manylinux2014_i686.whl", hash = "sha256:71a5690ad94a8b5809bb3888e3c30de943458b9fb751730fa9a60e580d1b47ca", size = 2327718, upload-time = "2025-05-03T16:58:58.224Z" },
    { url = "https://files.pythonhosted.org/packages/fa/11/6499c380e8e7f8d24586ed8fc6339079541b4ac244a39fe2b65558140917/zeroconf-0.147.0-cp312-cp312-manylinux_2_17_x86_64.manylinux2014_x86_64.whl", hash = "sha256:34b5f1f472eadd090232af6b52c16c417359d9541e7bb31afbde3a0e33e55594", size = 2270324, upload-time = "2025-05-03T16:59:00.356Z" },
    { url = "https://files.pythonhosted.org/packages/c0/99/28c0ec3b2a47b6e7c65ea50213ac4d3851554fe7f2bd520d0bbc9a8ea5c5/zeroconf-0.147.0-cp312-cp312-manylinux_2_31_armv7l.manylinux_2_17_armv7l.manylinux2014_armv7l.whl", hash = "sha256:213b9ebdb5876d7b30515e2850d250625ac1a5c54b022a0fb407ea25af39251f", size = 2109142, upload-time = "2025-05-03T16:59:02.145Z" },
    { url = "https://files.pythonhosted.org/packages/2c/a6/96207513fe3e69adcd6694fe58f3802903f0fdcc2473bd709b4f96bceea3/zeroconf-0.147.0-cp312-cp312-musllinux_1_2_aarch64.whl", hash = "sha256:10e75e41160f376b7b43a242ffeee5803878fd31d30991eb60cd1d0949373d51", size = 2298105, upload-time = "2025-05-03T16:59:05.395Z" },
    { url = "https://files.pythonhosted.org/packages/d9/30/0068cfd5189fd149507e62ee44e4e10adb2ed4f5cc23084a737f479da8e7/zeroconf-0.147.0-cp312-cp312-musllinux_1_2_armv7l.whl", hash = "sha256:d7b488d1a74bac55080a9cadb6b8690f0aefa89ae8130485557bc53ba866d445", size = 2158683, upload-time = "2025-05-03T16:59:07.53Z" },
    { url = "https://files.pythonhosted.org/packages/60/ea/60d3fb09d15ae60ebddc489eeba1e3af85642242744db0504599403c0668/zeroconf-0.147.0-cp312-cp312-musllinux_1_2_i686.whl", hash = "sha256:a3f6d9c6c226a7fd6669584dfcb8160a60b8711f00229a8d7347451447b220e2", size = 2500325, upload-time = "2025-05-03T16:59:10.369Z" },
    { url = "https://files.pythonhosted.org/packages/d0/91/1505222cdb1164a34412c372a88eeee30933fd24f73e5113d7496c551136/zeroconf-0.147.0-cp312-cp312-musllinux_1_2_x86_64.whl", hash = "sha256:137d83815347e0ede605f9d7a0d5253f95d62a9872f291a123679c4a01e016bb", size = 2465882, upload-time = "2025-05-03T16:59:12.166Z" },
    { url = "https://files.pythonhosted.org/packages/e8/26/ad45cfdb58c5b56750101a660d4e3f3b30562b17cff1be8d801190c35095/zeroconf-0.147.0-cp312-cp312-win32.whl", hash = "sha256:1ae71afd284f07d9a46acf69674efef283c039f5e326250c29578e0605f7dac6", size = 1431330, upload-time = "2025-05-03T16:59:13.947Z" },
    { url = "https://files.pythonhosted.org/packages/ac/4d/e287db04c2c95cdf3a9e99a897a54ab798e010ce14dff710c5f745e996c3/zeroconf-0.147.0-cp312-cp312-win_amd64.whl", hash = "sha256:e66b2044a626f20bc4ddab92de662b4f4bce8e4f1e85672d88186c9e776505a1", size = 1660798, upload-time = "2025-05-03T16:59:15.653Z" },
    { url = "https://files.pythonhosted.org/packages/ad/83/c6ee14c962b79f616f8f987a52244e877647db3846007fc167f481a81b7d/zeroconf-0.147.0-cp313-cp313-macosx_10_13_x86_64.whl", hash = "sha256:1deedbedea7402754b3a1a05a2a1c881443451ccd600b2a7f979e97dd9fcbe6d", size = 1841229, upload-time = "2025-05-03T16:59:17.783Z" },
    { url = "https://files.pythonhosted.org/packages/91/c0/42c08a8b2c5b6052d48a5517a5d05076b8ee2c0a458ea9bd5e0e2be38c01/zeroconf-0.147.0-cp313-cp313-macosx_11_0_arm64.whl", hash = "sha256:5c57d551e65a2a9b6333b685e3b074601f6e85762e4b4a490c663f1f2e215b24", size = 1697806, upload-time = "2025-05-03T16:59:20.083Z" },
    { url = "https://files.pythonhosted.org/packages/bf/79/d9b440786d62626f2ca4bd692b6c2bbd1e70e1124c56321bac6a2212a5eb/zeroconf-0.147.0-cp313-cp313-manylinux_2_17_aarch64.manylinux2014_aarch64.whl", hash = "sha256:095bdb0cd369355ff919e3be930991b38557baaa8292d82f4a4a8567a3944f05", size = 2141482, upload-time = "2025-05-03T16:59:22.067Z" },
    { url = "https://files.pythonhosted.org/packages/48/12/ab7d31620892a7f4d446a3f0261ddb1198318348c039b4a5ec7d9d09579c/zeroconf-0.147.0-cp313-cp313-manylinux_2_17_i686.manylinux_2_5_i686.manylinux1_i686.manylinux2014_i686.whl", hash = "sha256:8ae0fe0bb947b3a128af586c76a16b5a7d027daa65e67637b042c745f9b136c4", size = 2315614, upload-time = "2025-05-03T16:59:24.091Z" },
    { url = "https://files.pythonhosted.org/packages/7b/48/2de072ee42e36328e1d80408b70eddf3df0a5b9640db188caa363b3e120f/zeroconf-0.147.0-cp313-cp313-manylinux_2_17_x86_64.manylinux2014_x86_64.whl", hash = "sha256:6cbeea4d8d0c4f6eb5a82099d53f5729b628685039a44c1a84422080f8ec5b0d", size = 2259809, upload-time = "2025-05-03T16:59:25.976Z" },
    { url = "https://files.pythonhosted.org/packages/02/ec/3344b1ed4e60b36dd73cb66c36299c83a356e853e728c68314061498e9cd/zeroconf-0.147.0-cp313-cp313-manylinux_2_31_armv7l.manylinux_2_17_armv7l.manylinux2014_armv7l.whl", hash = "sha256:728f82417800c5c5dd3298f65cf7a8fef1707123b457d3832dbdf17d38f68840", size = 2096364, upload-time = "2025-05-03T16:59:27.786Z" },
    { url = "https://files.pythonhosted.org/packages/cd/30/5f34363e2d3c25a78fc925edcc5d45d332296a756d698ccfc060bba8a7aa/zeroconf-0.147.0-cp313-cp313-manylinux_2_36_x86_64.whl", hash = "sha256:a2dc9ae96cd49b50d651a78204aafe9f41e907122dc98e719be5376b4dddec6f", size = 2307868, upload-time = "2025-05-03T16:24:52.178Z" },
    { url = "https://files.pythonhosted.org/packages/1b/a8/9b4242ae78bd271520e019faf47d8a2b36242b3b1a7fd47ee7510d380734/zeroconf-0.147.0-cp313-cp313-musllinux_1_2_aarch64.whl", hash = "sha256:e9570ab3203cc4bd3ad023737ef4339558cdf1f33a5d45d76ed3fe77e5fa5f57", size = 2295063, upload-time = "2025-05-03T16:59:29.695Z" },
    { url = "https://files.pythonhosted.org/packages/9d/e6/b63e4e09d71e94bfe0d30c6fc80b0e67e3845eb630bcfb056626db070776/zeroconf-0.147.0-cp313-cp313-musllinux_1_2_armv7l.whl", hash = "sha256:fd783d9bac258e79d07e2bd164c1962b8f248579392b5078fd607e7bb6760b53", size = 2152284, upload-time = "2025-05-03T16:59:31.598Z" },
    { url = "https://files.pythonhosted.org/packages/72/12/42b990cb7ad997eb9f9fff15c61abff022adc44f5d1e96bd712ed6cd85ab/zeroconf-0.147.0-cp313-cp313-musllinux_1_2_i686.whl", hash = "sha256:b4acc76063cc379774db407dce0263616518bb5135057eb5eeafc447b3c05a81", size = 2498559, upload-time = "2025-05-03T16:59:33.444Z" },
    { url = "https://files.pythonhosted.org/packages/99/f9/080619bfcfc353deeb8cf7e813eaf73e8e28ff9a8ca7b97b9f0ecbf4d1d6/zeroconf-0.147.0-cp313-cp313-musllinux_1_2_x86_64.whl", hash = "sha256:acc5334cb6cb98db3917bf9a3d6b6b7fdd205f8a74fd6f4b885abb4f61098857", size = 2456548, upload-time = "2025-05-03T16:59:35.721Z" },
    { url = "https://files.pythonhosted.org/packages/35/b6/a25b703f418200edd6932d56bbd32cbd087b828579cf223348fa778fb1ff/zeroconf-0.147.0-cp313-cp313-win32.whl", hash = "sha256:7c52c523aa756e67bf18d46db298a5964291f7d868b4a970163432e7d745b992", size = 1427188, upload-time = "2025-05-03T16:59:38.756Z" },
    { url = "https://files.pythonhosted.org/packages/a0/e1/ba463435cdb0b38088eae56d508ec6128b9012f58cedab145b1b77e51316/zeroconf-0.147.0-cp313-cp313-win_amd64.whl", hash = "sha256:60f623af0e45fba69f5fe80d7b300c913afe7928fb43f4b9757f0f76f80f0d82", size = 1655531, upload-time = "2025-05-03T16:59:40.65Z" },
]
